Microsoft Visual Studio Solution File, Format Version 12.00
# Visual Studio 15
VisualStudioVersion = 15.0.26730.16
MinimumVisualStudioVersion = 15.0.26124.0
Project("{2150E333-8FDC-42A3-9474-1A3956D46DE8}") = "src", "src", "{A5AD0420-D2B8-4412-98FE-1B994A7334C3}"
EndProject
Project("{9A19103F-16F7-4668-BE54-9A1E7A4F7556}") = "WebAPI.HttpPatch", "src\WebAPI.Patch\WebAPI.HttpPatch.csproj", "{5DC017A0-1D3E-4AAB-93B4-C12949E28128}"
EndProject
Project("{9A19103F-16F7-4668-BE54-9A1E7A4F7556}") = "TestWebApi", "src\WebAPI.Patch.TestApi\WebApi.Patch.TestApi\TestWebApi.csproj", "{4A42863A-F159-4053-9477-192906E98272}"
EndProject
Global
	GlobalSection(SolutionConfigurationPlatforms) = preSolution
		Debug|Any CPU = Debug|Any CPU
		Debug|x64 = Debug|x64
		Debug|x86 = Debug|x86
		Release|Any CPU = Release|Any CPU
		Release|x64 = Release|x64
		Release|x86 = Release|x86
	EndGlobalSection
	GlobalSection(ProjectConfigurationPlatforms) = postSolution
		{5DC017A0-1D3E-4AAB-93B4-C12949E28128}.Debug|Any CPU.ActiveCfg = Debug|Any CPU
		{5DC017A0-1D3E-4AAB-93B4-C12949E28128}.Debug|Any CPU.Build.0 = Debug|Any CPU
		{5DC017A0-1D3E-4AAB-93B4-C12949E28128}.Debug|x64.ActiveCfg = Debug|Any CPU
		{5DC017A0-1D3E-4AAB-93B4-C12949E28128}.Debug|x64.Build.0 = Debug|Any CPU
		{5DC017A0-1D3E-4AAB-93B4-C12949E28128}.Debug|x86.ActiveCfg = Debug|Any CPU
		{5DC017A0-1D3E-4AAB-93B4-C12949E28128}.Debug|x86.Build.0 = Debug|Any CPU
		{5DC017A0-1D3E-4AAB-93B4-C12949E28128}.Release|Any CPU.ActiveCfg = Release|Any CPU
		{5DC017A0-1D3E-4AAB-93B4-C12949E28128}.Release|Any CPU.Build.0 = Release|Any CPU
		{5DC017A0-1D3E-4AAB-93B4-C12949E28128}.Release|x64.ActiveCfg = Release|Any CPU
		{5DC017A0-1D3E-4AAB-93B4-C12949E28128}.Release|x64.Build.0 = Release|Any CPU
		{5DC017A0-1D3E-4AAB-93B4-C12949E28128}.Release|x86.ActiveCfg = Release|Any CPU
		{5DC017A0-1D3E-4AAB-93B4-C12949E28128}.Release|x86.Build.0 = Release|Any CPU
		{4A42863A-F159-4053-9477-192906E98272}.Debug|Any CPU.ActiveCfg = Debug|Any CPU
		{4A42863A-F159-4053-9477-192906E98272}.Debug|Any CPU.Build.0 = Debug|Any CPU
		{4A42863A-F159-4053-9477-192906E98272}.Debug|x64.ActiveCfg = Debug|Any CPU
		{4A42863A-F159-4053-9477-192906E98272}.Debug|x64.Build.0 = Debug|Any CPU
		{4A42863A-F159-4053-9477-192906E98272}.Debug|x86.ActiveCfg = Debug|Any CPU
		{4A42863A-F159-4053-9477-192906E98272}.Debug|x86.Build.0 = Debug|Any CPU
		{4A42863A-F159-4053-9477-192906E98272}.Release|Any CPU.ActiveCfg = Release|Any CPU
		{4A42863A-F159-4053-9477-192906E98272}.Release|Any CPU.Build.0 = Release|Any CPU
		{4A42863A-F159-4053-9477-192906E98272}.Release|x64.ActiveCfg = Release|Any CPU
		{4A42863A-F159-4053-9477-192906E98272}.Release|x64.Build.0 = Release|Any CPU
		{4A42863A-F159-4053-9477-192906E98272}.Release|x86.ActiveCfg = Release|Any CPU
		{4A42863A-F159-4053-9477-192906E98272}.Release|x86.Build.0 = Release|Any CPU
	EndGlobalSection
	GlobalSection(SolutionProperties) = preSolution
		HideSolutionNode = FALSE
	EndGlobalSection
	GlobalSection(NestedProjects) = preSolution
		{5DC017A0-1D3E-4AAB-93B4-C12949E28128} = {A5AD0420-D2B8-4412-98FE-1B994A7334C3}
		{4A42863A-F159-4053-9477-192906E98272} = {A5AD0420-D2B8-4412-98FE-1B994A7334C3}
	EndGlobalSection
	GlobalSection(ExtensibilityGlobals) = postSolution
		SolutionGuid = {FA4BB587-8213-4F01-B3B1-06FB4296E038}
	EndGlobalSection
EndGlobal
